// !$*UTF8*$!
{
	archiveVersion = 1;
	classes = {
	};
	objectVersion = 77;
	objects = {

/* Begin PBXBuildFile section */
		3280152F622728A31133BB62 /* Pods_FlyingKxq_FlyingKxqUITests.framework in Frameworks */ = {isa = PBXBuildFile; fileRef = 9336B31F208259ED03CEA6BC /* Pods_FlyingKxq_FlyingKxqUITests.framework */; };
		D9FB6146F780F7183BADED63 /* Pods_FlyingKxqTests.framework in Frameworks */ = {isa = PBXBuildFile; fileRef = 09A950B1EDE36D68916237B6 /* Pods_FlyingKxqTests.framework */; };
		EE091930CAB74FE92EBD198B /* Pods_FlyingKxq.framework in Frameworks */ = {isa = PBXBuildFile; fileRef = 15256CFE81F2824D92A69885 /* Pods_FlyingKxq.framework */; };
/* End PBXBuildFile section */

/* Begin PBXContainerItemProxy section */
		5C4D8C0F2D104EB100999028 /* PBXContainerItemProxy */ = {
			isa = PBXContainerItemProxy;
			containerPortal = 5C4D8BF62D104EB000999028 /* Project object */;
			proxyType = 1;
			remoteGlobalIDString = 5C4D8BFD2D104EB000999028;
			remoteInfo = FlyingKxq;
		};
		5C4D8C192D104EB100999028 /* PBXContainerItemProxy */ = {
			isa = PBXContainerItemProxy;
			containerPortal = 5C4D8BF62D104EB000999028 /* Project object */;
			proxyType = 1;
			remoteGlobalIDString = 5C4D8BFD2D104EB000999028;
			remoteInfo = FlyingKxq;
		};
/* End PBXContainerItemProxy section */

/* Begin PBXCopyFilesBuildPhase section */
		5CC662AB2D108B2C00B8E49A /* Embed Frameworks */ = {
			isa = PBXCopyFilesBuildPhase;
			buildActionMask = 2147483647;
			dstPath = "";
			dstSubfolderSpec = 10;
			files = (
			);
			name = "Embed Frameworks";
			runOnlyForDeploymentPostprocessing = 0;
		};
/* End PBXCopyFilesBuildPhase section */

/* Begin PBXFileReference section */
		09A950B1EDE36D68916237B6 /* Pods_FlyingKxqTests.framework */ = {isa = PBXFileReference; explicitFileType = wrapper.framework; includeInIndex = 0; path = Pods_FlyingKxqTests.framework; sourceTree = BUILT_PRODUCTS_DIR; };
		15256CFE81F2824D92A69885 /* Pods_FlyingKxq.framework */ = {isa = PBXFileReference; explicitFileType = wrapper.framework; includeInIndex = 0; path = Pods_FlyingKxq.framework; sourceTree = BUILT_PRODUCTS_DIR; };
		206E8910AA638E9494E65EE7 /* Pods-FlyingKxqTests.release.xcconfig */ = {isa = PBXFileReference; includeInIndex = 1; lastKnownFileType = text.xcconfig; name = "Pods-FlyingKxqTests.release.xcconfig"; path = "Target Support Files/Pods-FlyingKxqTests/Pods-FlyingKxqTests.release.xcconfig"; sourceTree = "<group>"; };
		592F72A50F194A429586E79A /* Pods-FlyingKxq.release.xcconfig */ = {isa = PBXFileReference; includeInIndex = 1; lastKnownFileType = text.xcconfig; name = "Pods-FlyingKxq.release.xcconfig"; path = "Target Support Files/Pods-FlyingKxq/Pods-FlyingKxq.release.xcconfig"; sourceTree = "<group>"; };
		5C4D8BFE2D104EB000999028 /* FlyingKxq.app */ = {isa = PBXFileReference; explicitFileType = wrapper.application; includeInIndex = 0; path = FlyingKxq.app; sourceTree = BUILT_PRODUCTS_DIR; };
		5C4D8C0E2D104EB100999028 /* FlyingKxqTests.xctest */ = {isa = PBXFileReference; explicitFileType = wrapper.cfbundle; includeInIndex = 0; path = FlyingKxqTests.xctest; sourceTree = BUILT_PRODUCTS_DIR; };
		5C4D8C182D104EB100999028 /* FlyingKxqUITests.xctest */ = {isa = PBXFileReference; explicitFileType = wrapper.cfbundle; includeInIndex = 0; path = FlyingKxqUITests.xctest; sourceTree = BUILT_PRODUCTS_DIR; };
		5C6142A3E803494ECACE70E3 /* Pods-FlyingKxq-FlyingKxqUITests.release.xcconfig */ = {isa = PBXFileReference; includeInIndex = 1; lastKnownFileType = text.xcconfig; name = "Pods-FlyingKxq-FlyingKxqUITests.release.xcconfig"; path = "Target Support Files/Pods-FlyingKxq-FlyingKxqUITests/Pods-FlyingKxq-FlyingKxqUITests.release.xcconfig"; sourceTree = "<group>"; };
		8C2AFD5D3E71A8D699E8A190 /* Pods-FlyingKxq-FlyingKxqUITests.debug.xcconfig */ = {isa = PBXFileReference; includeInIndex = 1; lastKnownFileType = text.xcconfig; name = "Pods-FlyingKxq-FlyingKxqUITests.debug.xcconfig"; path = "Target Support Files/Pods-FlyingKxq-FlyingKxqUITests/Pods-FlyingKxq-FlyingKxqUITests.debug.xcconfig"; sourceTree = "<group>"; };
		9336B31F208259ED03CEA6BC /* Pods_FlyingKxq_FlyingKxqUITests.framework */ = {isa = PBXFileReference; explicitFileType = wrapper.framework; includeInIndex = 0; path = Pods_FlyingKxq_FlyingKxqUITests.framework; sourceTree = BUILT_PRODUCTS_DIR; };
		B4314238CC509CA6A2B2800E /* Pods-FlyingKxqTests.debug.xcconfig */ = {isa = PBXFileReference; includeInIndex = 1; lastKnownFileType = text.xcconfig; name = "Pods-FlyingKxqTests.debug.xcconfig"; path = "Target Support Files/Pods-FlyingKxqTests/Pods-FlyingKxqTests.debug.xcconfig"; sourceTree = "<group>"; };
		F9A8A72B5426D41E44F9E548 /* Pods-FlyingKxq.debug.xcconfig */ = {isa = PBXFileReference; includeInIndex = 1; lastKnownFileType = text.xcconfig; name = "Pods-FlyingKxq.debug.xcconfig"; path = "Target Support Files/Pods-FlyingKxq/Pods-FlyingKxq.debug.xcconfig"; sourceTree = "<group>"; };
/* End PBXFileReference section */

/* Begin PBXFileSystemSynchronizedBuildFileExceptionSet section */
		5C4D8C682D104F9C00999028 /* Exceptions for "FlyingKxq" folder in "FlyingKxq" target */ = {
			isa = PBXFileSystemSynchronizedBuildFileExceptionSet;
			membershipExceptions = (
				Support/Info.plist,
			);
			target = 5C4D8BFD2D104EB000999028 /* FlyingKxq */;
		};
/* End PBXFileSystemSynchronizedBuildFileExceptionSet section */

/* Begin PBXFileSystemSynchronizedRootGroup section */
		5C4D8C002D104EB000999028 /* FlyingKxq */ = {
			isa = PBXFileSystemSynchronizedRootGroup;
			exceptions = (
				5C4D8C682D104F9C00999028 /* Exceptions for "FlyingKxq" folder in "FlyingKxq" target */,
			);
			path = FlyingKxq;
			sourceTree = "<group>";
		};
		5C4D8C112D104EB100999028 /* FlyingKxqTests */ = {
			isa = PBXFileSystemSynchronizedRootGroup;
			path = FlyingKxqTests;
			sourceTree = "<group>";
		};
		5C4D8C1B2D104EB100999028 /* FlyingKxqUITests */ = {
			isa = PBXFileSystemSynchronizedRootGroup;
			path = FlyingKxqUITests;
			sourceTree = "<group>";
		};
/* End PBXFileSystemSynchronizedRootGroup section */

/* Begin PBXFrameworksBuildPhase section */
		5C4D8BFB2D104EB000999028 /* Frameworks */ = {
			isa = PBXFrameworksBuildPhase;
			buildActionMask = 2147483647;
			files = (
				EE091930CAB74FE92EBD198B /* Pods_FlyingKxq.framework in Frameworks */,
			);
			runOnlyForDeploymentPostprocessing = 0;
		};
		5C4D8C0B2D104EB100999028 /* Frameworks */ = {
			isa = PBXFrameworksBuildPhase;
			buildActionMask = 2147483647;
			files = (
				D9FB6146F780F7183BADED63 /* Pods_FlyingKxqTests.framework in Frameworks */,
			);
			runOnlyForDeploymentPostprocessing = 0;
		};
		5C4D8C152D104EB100999028 /* Frameworks */ = {
			isa = PBXFrameworksBuildPhase;
			buildActionMask = 2147483647;
			files = (
				3280152F622728A31133BB62 /* Pods_FlyingKxq_FlyingKxqUITests.framework in Frameworks */,
			);
			runOnlyForDeploymentPostprocessing = 0;
		};
/* End PBXFrameworksBuildPhase section */

/* Begin PBXGroup section */
		02EEFA72B90439A39A3E3937 /* Frameworks */ = {
			isa = PBXGroup;
			children = (
				15256CFE81F2824D92A69885 /* Pods_FlyingKxq.framework */,
				9336B31F208259ED03CEA6BC /* Pods_FlyingKxq_FlyingKxqUITests.framework */,
				09A950B1EDE36D68916237B6 /* Pods_FlyingKxqTests.framework */,
			);
			name = Frameworks;
			sourceTree = "<group>";
		};
		5C4D8BF52D104EB000999028 = {
			isa = PBXGroup;
			children = (
				5C4D8C002D104EB000999028 /* FlyingKxq */,
				5C4D8C112D104EB100999028 /* FlyingKxqTests */,
				5C4D8C1B2D104EB100999028 /* FlyingKxqUITests */,
				5C4D8BFF2D104EB000999028 /* Products */,
				DE01A1940F64902C79B325F3 /* Pods */,
				02EEFA72B90439A39A3E3937 /* Frameworks */,
			);
			sourceTree = "<group>";
		};
		5C4D8BFF2D104EB000999028 /* Products */ = {
			isa = PBXGroup;
			children = (
				5C4D8BFE2D104EB000999028 /* FlyingKxq.app */,
				5C4D8C0E2D104EB100999028 /* FlyingKxqTests.xctest */,
				5C4D8C182D104EB100999028 /* FlyingKxqUITests.xctest */,
			);
			name = Products;
			sourceTree = "<group>";
		};
		DE01A1940F64902C79B325F3 /* Pods */ = {
			isa = PBXGroup;
			children = (
				F9A8A72B5426D41E44F9E548 /* Pods-FlyingKxq.debug.xcconfig */,
				592F72A50F194A429586E79A /* Pods-FlyingKxq.release.xcconfig */,
				8C2AFD5D3E71A8D699E8A190 /* Pods-FlyingKxq-FlyingKxqUITests.debug.xcconfig */,
				5C6142A3E803494ECACE70E3 /* Pods-FlyingKxq-FlyingKxqUITests.release.xcconfig */,
				B4314238CC509CA6A2B2800E /* Pods-FlyingKxqTests.debug.xcconfig */,
				206E8910AA638E9494E65EE7 /* Pods-FlyingKxqTests.release.xcconfig */,
			);
			path = Pods;
			sourceTree = "<group>";
		};
/* End PBXGroup section */

/* Begin PBXNativeTarget section */
		5C4D8BFD2D104EB000999028 /* FlyingKxq */ = {
			isa = PBXNativeTarget;
			buildConfigurationList = 5C4D8C222D104EB100999028 /* Build configuration list for PBXNativeTarget "FlyingKxq" */;
			buildPhases = (
				9408DDDF2619688EB3F79236 /* [CP] Check Pods Manifest.lock */,
				5C4D8BFA2D104EB000999028 /* Sources */,
				5C4D8BFB2D104EB000999028 /* Frameworks */,
				5C4D8BFC2D104EB000999028 /* Resources */,
				5CC662AB2D108B2C00B8E49A /* Embed Frameworks */,
				2F1B08BE057553670C9F3D19 /* [CP] Embed Pods Frameworks */,
			);
			buildRules = (
			);
			dependencies = (
			);
			fileSystemSynchronizedGroups = (
				5C4D8C002D104EB000999028 /* FlyingKxq */,
			);
			name = FlyingKxq;
			productName = FlyingKxq;
			productReference = 5C4D8BFE2D104EB000999028 /* FlyingKxq.app */;
			productType = "com.apple.product-type.application";
		};
		5C4D8C0D2D104EB100999028 /* FlyingKxqTests */ = {
			isa = PBXNativeTarget;
			buildConfigurationList = 5C4D8C252D104EB100999028 /* Build configuration list for PBXNativeTarget "FlyingKxqTests" */;
			buildPhases = (
				E7F84099A82517E2D2599A11 /* [CP] Check Pods Manifest.lock */,
				5C4D8C0A2D104EB100999028 /* Sources */,
				5C4D8C0B2D104EB100999028 /* Frameworks */,
				5C4D8C0C2D104EB100999028 /* Resources */,
			);
			buildRules = (
			);
			dependencies = (
				5C4D8C102D104EB100999028 /* PBXTargetDependency */,
			);
			fileSystemSynchronizedGroups = (
				5C4D8C112D104EB100999028 /* FlyingKxqTests */,
			);
			name = FlyingKxqTests;
			productName = FlyingKxqTests;
			productReference = 5C4D8C0E2D104EB100999028 /* FlyingKxqTests.xctest */;
			productType = "com.apple.product-type.bundle.unit-test";
		};
		5C4D8C172D104EB100999028 /* FlyingKxqUITests */ = {
			isa = PBXNativeTarget;
			buildConfigurationList = 5C4D8C282D104EB100999028 /* Build configuration list for PBXNativeTarget "FlyingKxqUITests" */;
			buildPhases = (
				20E52CA83CE8E33694239D51 /* [CP] Check Pods Manifest.lock */,
				5C4D8C142D104EB100999028 /* Sources */,
				5C4D8C152D104EB100999028 /* Frameworks */,
				5C4D8C162D104EB100999028 /* Resources */,
				ECFC3C422E605E32C07605A6 /* [CP] Embed Pods Frameworks */,
			);
			buildRules = (
			);
			dependencies = (
				5C4D8C1A2D104EB100999028 /* PBXTargetDependency */,
			);
			fileSystemSynchronizedGroups = (
				5C4D8C1B2D104EB100999028 /* FlyingKxqUITests */,
			);
			name = FlyingKxqUITests;
			productName = FlyingKxqUITests;
			productReference = 5C4D8C182D104EB100999028 /* FlyingKxqUITests.xctest */;
			productType = "com.apple.product-type.bundle.ui-testing";
		};
/* End PBXNativeTarget section */

/* Begin PBXProject section */
		5C4D8BF62D104EB000999028 /* Project object */ = {
			isa = PBXProject;
			attributes = {
				BuildIndependentTargetsInParallel = 1;
				LastSwiftUpdateCheck = 1600;
				LastUpgradeCheck = 1600;
				TargetAttributes = {
					5C4D8BFD2D104EB000999028 = {
						CreatedOnToolsVersion = 16.0;
						LastSwiftMigration = 1600;
					};
					5C4D8C0D2D104EB100999028 = {
						CreatedOnToolsVersion = 16.0;
						TestTargetID = 5C4D8BFD2D104EB000999028;
					};
					5C4D8C172D104EB100999028 = {
						CreatedOnToolsVersion = 16.0;
						TestTargetID = 5C4D8BFD2D104EB000999028;
					};
				};
			};
			buildConfigurationList = 5C4D8BF92D104EB000999028 /* Build configuration list for PBXProject "FlyingKxq" */;
			developmentRegion = en;
			hasScannedForEncodings = 0;
			knownRegions = (
				en,
				Base,
			);
			mainGroup = 5C4D8BF52D104EB000999028;
			minimizedProjectReferenceProxies = 1;
			preferredProjectObjectVersion = 77;
			productRefGroup = 5C4D8BFF2D104EB000999028 /* Products */;
			projectDirPath = "";
			projectRoot = "";
			targets = (
				5C4D8BFD2D104EB000999028 /* FlyingKxq */,
				5C4D8C0D2D104EB100999028 /* FlyingKxqTests */,
				5C4D8C172D104EB100999028 /* FlyingKxqUITests */,
			);
		};
/* End PBXProject section */

/* Begin PBXResourcesBuildPhase section */
		5C4D8BFC2D104EB000999028 /* Resources */ = {
			isa = PBXResourcesBuildPhase;
			buildActionMask = 2147483647;
			files = (
			);
			runOnlyForDeploymentPostprocessing = 0;
		};
		5C4D8C0C2D104EB100999028 /* Resources */ = {
			isa = PBXResourcesBuildPhase;
			buildActionMask = 2147483647;
			files = (
			);
			runOnlyForDeploymentPostprocessing = 0;
		};
		5C4D8C162D104EB100999028 /* Resources */ = {
			isa = PBXResourcesBuildPhase;
			buildActionMask = 2147483647;
			files = (
			);
			runOnlyForDeploymentPostprocessing = 0;
		};
/* End PBXResourcesBuildPhase section */

/* Begin PBXShellScriptBuildPhase section */
		20E52CA83CE8E33694239D51 /* [CP] Check Pods Manifest.lock */ = {
			isa = PBXShellScriptBuildPhase;
			buildActionMask = 2147483647;
			files = (
			);
			inputFileListPaths = (
			);
			inputPaths = (
				"${PODS_PODFILE_DIR_PATH}/Podfile.lock",
				"${PODS_ROOT}/Manifest.lock",
			);
			name = "[CP] Check Pods Manifest.lock";
			outputFileListPaths = (
			);
			outputPaths = (
				"$(DERIVED_FILE_DIR)/Pods-FlyingKxq-FlyingKxqUITests-checkManifestLockResult.txt",
			);
			runOnlyForDeploymentPostprocessing = 0;
			shellPath = /bin/sh;
			shellScript = "diff \"${PODS_PODFILE_DIR_PATH}/Podfile.lock\" \"${PODS_ROOT}/Manifest.lock\" > /dev/null\nif [ $? != 0 ] ; then\n    # print error to STDERR\n    echo \"error: The sandbox is not in sync with the Podfile.lock. Run 'pod install' or update your CocoaPods installation.\" >&2\n    exit 1\nfi\n# This output is used by Xcode 'outputs' to avoid re-running this script phase.\necho \"SUCCESS\" > \"${SCRIPT_OUTPUT_FILE_0}\"\n";
			showEnvVarsInLog = 0;
		};
		2F1B08BE057553670C9F3D19 /* [CP] Embed Pods Frameworks */ = {
			isa = PBXShellScriptBuildPhase;
			buildActionMask = 2147483647;
			files = (
			);
			inputFileListPaths = (
				"${PODS_ROOT}/Target Support Files/Pods-FlyingKxq/Pods-FlyingKxq-frameworks-${CONFIGURATION}-input-files.xcfilelist",
			);
			name = "[CP] Embed Pods Frameworks";
			outputFileListPaths = (
				"${PODS_ROOT}/Target Support Files/Pods-FlyingKxq/Pods-FlyingKxq-frameworks-${CONFIGURATION}-output-files.xcfilelist",
			);
			runOnlyForDeploymentPostprocessing = 0;
			shellPath = /bin/sh;
			shellScript = "\"${PODS_ROOT}/Target Support Files/Pods-FlyingKxq/Pods-FlyingKxq-frameworks.sh\"\n";
			showEnvVarsInLog = 0;
		};
		9408DDDF2619688EB3F79236 /* [CP] Check Pods Manifest.lock */ = {
			isa = PBXShellScriptBuildPhase;
			buildActionMask = 2147483647;
			files = (
			);
			inputFileListPaths = (
			);
			inputPaths = (
				"${PODS_PODFILE_DIR_PATH}/Podfile.lock",
				"${PODS_ROOT}/Manifest.lock",
			);
			name = "[CP] Check Pods Manifest.lock";
			outputFileListPaths = (
			);
			outputPaths = (
				"$(DERIVED_FILE_DIR)/Pods-FlyingKxq-checkManifestLockResult.txt",
			);
			runOnlyForDeploymentPostprocessing = 0;
			shellPath = /bin/sh;
			shellScript = "diff \"${PODS_PODFILE_DIR_PATH}/Podfile.lock\" \"${PODS_ROOT}/Manifest.lock\" > /dev/null\nif [ $? != 0 ] ; then\n    # print error to STDERR\n    echo \"error: The sandbox is not in sync with the Podfile.lock. Run 'pod install' or update your CocoaPods installation.\" >&2\n    exit 1\nfi\n# This output is used by Xcode 'outputs' to avoid re-running this script phase.\necho \"SUCCESS\" > \"${SCRIPT_OUTPUT_FILE_0}\"\n";
			showEnvVarsInLog = 0;
		};
		E7F84099A82517E2D2599A11 /* [CP] Check Pods Manifest.lock */ = {
			isa = PBXShellScriptBuildPhase;
			buildActionMask = 2147483647;
			files = (
			);
			inputFileListPaths = (
			);
			inputPaths = (
				"${PODS_PODFILE_DIR_PATH}/Podfile.lock",
				"${PODS_ROOT}/Manifest.lock",
			);
			name = "[CP] Check Pods Manifest.lock";
			outputFileListPaths = (
			);
			outputPaths = (
				"$(DERIVED_FILE_DIR)/Pods-FlyingKxqTests-checkManifestLockResult.txt",
			);
			runOnlyForDeploymentPostprocessing = 0;
			shellPath = /bin/sh;
			shellScript = "diff \"${PODS_PODFILE_DIR_PATH}/Podfile.lock\" \"${PODS_ROOT}/Manifest.lock\" > /dev/null\nif [ $? != 0 ] ; then\n    # print error to STDERR\n    echo \"error: The sandbox is not in sync with the Podfile.lock. Run 'pod install' or update your CocoaPods installation.\" >&2\n    exit 1\nfi\n# This output is used by Xcode 'outputs' to avoid re-running this script phase.\necho \"SUCCESS\" > \"${SCRIPT_OUTPUT_FILE_0}\"\n";
			showEnvVarsInLog = 0;
		};
		ECFC3C422E605E32C07605A6 /* [CP] Embed Pods Frameworks */ = {
			isa = PBXShellScriptBuildPhase;
			buildActionMask = 2147483647;
			files = (
			);
			inputFileListPaths = (
				"${PODS_ROOT}/Target Support Files/Pods-FlyingKxq-FlyingKxqUITests/Pods-FlyingKxq-FlyingKxqUITests-frameworks-${CONFIGURATION}-input-files.xcfilelist",
			);
			name = "[CP] Embed Pods Frameworks";
			outputFileListPaths = (
				"${PODS_ROOT}/Target Support Files/Pods-FlyingKxq-FlyingKxqUITests/Pods-FlyingKxq-FlyingKxqUITests-frameworks-${CONFIGURATION}-output-files.xcfilelist",
			);
			runOnlyForDeploymentPostprocessing = 0;
			shellPath = /bin/sh;
			shellScript = "\"${PODS_ROOT}/Target Support Files/Pods-FlyingKxq-FlyingKxqUITests/Pods-FlyingKxq-FlyingKxqUITests-frameworks.sh\"\n";
			showEnvVarsInLog = 0;
		};
/* End PBXShellScriptBuildPhase section */

/* Begin PBXSourcesBuildPhase section */
		5C4D8BFA2D104EB000999028 /* Sources */ = {
			isa = PBXSourcesBuildPhase;
			buildActionMask = 2147483647;
			files = (
			);
			runOnlyForDeploymentPostprocessing = 0;
		};
		5C4D8C0A2D104EB100999028 /* Sources */ = {
			isa = PBXSourcesBuildPhase;
			buildActionMask = 2147483647;
			files = (
			);
			runOnlyForDeploymentPostprocessing = 0;
		};
		5C4D8C142D104EB100999028 /* Sources */ = {
			isa = PBXSourcesBuildPhase;
			buildActionMask = 2147483647;
			files = (
			);
			runOnlyForDeploymentPostprocessing = 0;
		};
/* End PBXSourcesBuildPhase section */

/* Begin PBXTargetDependency section */
		5C4D8C102D104EB100999028 /* PBXTargetDependency */ = {
			isa = PBXTargetDependency;
			target = 5C4D8BFD2D104EB000999028 /* FlyingKxq */;
			targetProxy = 5C4D8C0F2D104EB100999028 /* PBXContainerItemProxy */;
		};
		5C4D8C1A2D104EB100999028 /* PBXTargetDependency */ = {
			isa = PBXTargetDependency;
			target = 5C4D8BFD2D104EB000999028 /* FlyingKxq */;
			targetProxy = 5C4D8C192D104EB100999028 /* PBXContainerItemProxy */;
		};
/* End PBXTargetDependency section */

/* Begin XCBuildConfiguration section */
		5C4D8C202D104EB100999028 /* Debug */ = {
			isa = XCBuildConfiguration;
			buildSettings = {
				ALWAYS_SEARCH_USER_PATHS = NO;
				ASSETCATALOG_COMPILER_GENERATE_SWIFT_ASSET_SYMBOL_EXTENSIONS = YES;
				CLANG_ALLOW_NON_MODULAR_INCLUDES_IN_FRAMEWORK_MODULES = YES;
				CLANG_ANALYZER_NONNULL = YES;
				CLANG_ANALYZER_NUMBER_OBJECT_CONVERSION = YES_AGGRESSIVE;
				CLANG_CXX_LANGUAGE_STANDARD = "gnu++20";
				CLANG_ENABLE_MODULES = YES;
				CLANG_ENABLE_OBJC_ARC = YES;
				CLANG_ENABLE_OBJC_WEAK = YES;
				CLANG_WARN_BLOCK_CAPTURE_AUTORELEASING = YES;
				CLANG_WARN_BOOL_CONVERSION = YES;
				CLANG_WARN_COMMA = YES;
				CLANG_WARN_CONSTANT_CONVERSION = YES;
				CLANG_WARN_DEPRECATED_OBJC_IMPLEMENTATIONS = YES;
				CLANG_WARN_DIRECT_OBJC_ISA_USAGE = YES_ERROR;
				CLANG_WARN_DOCUMENTATION_COMMENTS = YES;
				CLANG_WARN_EMPTY_BODY = YES;
				CLANG_WARN_ENUM_CONVERSION = YES;
				CLANG_WARN_INFINITE_RECURSION = YES;
				CLANG_WARN_INT_CONVERSION = YES;
				CLANG_WARN_NON_LITERAL_NULL_CONVERSION = YES;
				CLANG_WARN_OBJC_IMPLICIT_RETAIN_SELF = YES;
				CLANG_WARN_OBJC_LITERAL_CONVERSION = YES;
				CLANG_WARN_OBJC_ROOT_CLASS = YES_ERROR;
				CLANG_WARN_QUOTED_INCLUDE_IN_FRAMEWORK_HEADER = YES;
				CLANG_WARN_RANGE_LOOP_ANALYSIS = YES;
				CLANG_WARN_STRICT_PROTOTYPES = YES;
				CLANG_WARN_SUSPICIOUS_MOVE = YES;
				CLANG_WARN_UNGUARDED_AVAILABILITY = YES_AGGRESSIVE;
				CLANG_WARN_UNREACHABLE_CODE = YES;
				CLANG_WARN__DUPLICATE_METHOD_MATCH = YES;
				COPY_PHASE_STRIP = NO;
				DEBUG_INFORMATION_FORMAT = dwarf;
				DEFINES_MODULE = YES;
				ENABLE_STRICT_OBJC_MSGSEND = YES;
				ENABLE_TESTABILITY = YES;
				ENABLE_USER_SCRIPT_SANDBOXING = YES;
				FRAMEWORK_SEARCH_PATHS = "$(PROJECT_DIR)/**";
				GCC_C_LANGUAGE_STANDARD = gnu17;
				GCC_DYNAMIC_NO_PIC = NO;
				GCC_NO_COMMON_BLOCKS = YES;
				GCC_OPTIMIZATION_LEVEL = 0;
				GCC_PREPROCESSOR_DEFINITIONS = (
					"DEBUG=1",
					"$(inherited)",
				);
				GCC_WARN_64_TO_32_BIT_CONVERSION = YES;
				GCC_WARN_ABOUT_RETURN_TYPE = YES_ERROR;
				GCC_WARN_UNDECLARED_SELECTOR = YES;
				GCC_WARN_UNINITIALIZED_AUTOS = YES_AGGRESSIVE;
				GCC_WARN_UNUSED_FUNCTION = YES;
				GCC_WARN_UNUSED_VARIABLE = YES;
				IPHONEOS_DEPLOYMENT_TARGET = 18.0;
				LOCALIZATION_PREFERS_STRING_CATALOGS = YES;
				MODULEMAP_FILE = "$(PROJECT_DIR)/Frameworks/TencentOpenAPI.framework/Headers/Modules/module.modulemap";
				MTL_ENABLE_DEBUG_INFO = INCLUDE_SOURCE;
				MTL_FAST_MATH = YES;
				ONLY_ACTIVE_ARCH = YES;
				SDKROOT = iphoneos;
				SWIFT_ACTIVE_COMPILATION_CONDITIONS = "DEBUG $(inherited)";
				SWIFT_OPTIMIZATION_LEVEL = "-Onone";
			};
			name = Debug;
		};
		5C4D8C212D104EB100999028 /* Release */ = {
			isa = XCBuildConfiguration;
			buildSettings = {
				ALWAYS_SEARCH_USER_PATHS = NO;
				ASSETCATALOG_COMPILER_GENERATE_SWIFT_ASSET_SYMBOL_EXTENSIONS = YES;
				CLANG_ALLOW_NON_MODULAR_INCLUDES_IN_FRAMEWORK_MODULES = YES;
				CLANG_ANALYZER_NONNULL = YES;
				CLANG_ANALYZER_NUMBER_OBJECT_CONVERSION = YES_AGGRESSIVE;
				CLANG_CXX_LANGUAGE_STANDARD = "gnu++20";
				CLANG_ENABLE_MODULES = YES;
				CLANG_ENABLE_OBJC_ARC = YES;
				CLANG_ENABLE_OBJC_WEAK = YES;
				CLANG_WARN_BLOCK_CAPTURE_AUTORELEASING = YES;
				CLANG_WARN_BOOL_CONVERSION = YES;
				CLANG_WARN_COMMA = YES;
				CLANG_WARN_CONSTANT_CONVERSION = YES;
				CLANG_WARN_DEPRECATED_OBJC_IMPLEMENTATIONS = YES;
				CLANG_WARN_DIRECT_OBJC_ISA_USAGE = YES_ERROR;
				CLANG_WARN_DOCUMENTATION_COMMENTS = YES;
				CLANG_WARN_EMPTY_BODY = YES;
				CLANG_WARN_ENUM_CONVERSION = YES;
				CLANG_WARN_INFINITE_RECURSION = YES;
				CLANG_WARN_INT_CONVERSION = YES;
				CLANG_WARN_NON_LITERAL_NULL_CONVERSION = YES;
				CLANG_WARN_OBJC_IMPLICIT_RETAIN_SELF = YES;
				CLANG_WARN_OBJC_LITERAL_CONVERSION = YES;
				CLANG_WARN_OBJC_ROOT_CLASS = YES_ERROR;
				CLANG_WARN_QUOTED_INCLUDE_IN_FRAMEWORK_HEADER = YES;
				CLANG_WARN_RANGE_LOOP_ANALYSIS = YES;
				CLANG_WARN_STRICT_PROTOTYPES = YES;
				CLANG_WARN_SUSPICIOUS_MOVE = YES;
				CLANG_WARN_UNGUARDED_AVAILABILITY = YES_AGGRESSIVE;
				CLANG_WARN_UNREACHABLE_CODE = YES;
				CLANG_WARN__DUPLICATE_METHOD_MATCH = YES;
				COPY_PHASE_STRIP = NO;
				DEBUG_INFORMATION_FORMAT = "dwarf-with-dsym";
				DEFINES_MODULE = YES;
				ENABLE_NS_ASSERTIONS = NO;
				ENABLE_STRICT_OBJC_MSGSEND = YES;
				ENABLE_USER_SCRIPT_SANDBOXING = YES;
				FRAMEWORK_SEARCH_PATHS = "$(PROJECT_DIR)/**";
				GCC_C_LANGUAGE_STANDARD = gnu17;
				GCC_NO_COMMON_BLOCKS = YES;
				GCC_WARN_64_TO_32_BIT_CONVERSION = YES;
				GCC_WARN_ABOUT_RETURN_TYPE = YES_ERROR;
				GCC_WARN_UNDECLARED_SELECTOR = YES;
				GCC_WARN_UNINITIALIZED_AUTOS = YES_AGGRESSIVE;
				GCC_WARN_UNUSED_FUNCTION = YES;
				GCC_WARN_UNUSED_VARIABLE = YES;
				IPHONEOS_DEPLOYMENT_TARGET = 18.0;
				LOCALIZATION_PREFERS_STRING_CATALOGS = YES;
				MODULEMAP_FILE = "$(PROJECT_DIR)/Frameworks/TencentOpenAPI.framework/Headers/Modules/module.modulemap";
				MTL_ENABLE_DEBUG_INFO = NO;
				MTL_FAST_MATH = YES;
				SDKROOT = iphoneos;
				SWIFT_COMPILATION_MODE = wholemodule;
				VALIDATE_PRODUCT = YES;
			};
			name = Release;
		};
		5C4D8C232D104EB100999028 /* Debug */ = {
			isa = XCBuildConfiguration;
			baseConfigurationReference = F9A8A72B5426D41E44F9E548 /* Pods-FlyingKxq.debug.xcconfig */;
			buildSettings = {
				ASSETCATALOG_COMPILER_APPICON_NAME = AppIcon;
				ASSETCATALOG_COMPILER_GLOBAL_ACCENT_COLOR_NAME = AccentColor;
				CLANG_ALLOW_NON_MODULAR_INCLUDES_IN_FRAMEWORK_MODULES = YES;
				CLANG_ENABLE_MODULES = YES;
				CODE_SIGN_ENTITLEMENTS = FlyingKxq/Support/FlyingKxqDebug.entitlements;
				CODE_SIGN_STYLE = Automatic;
				CURRENT_PROJECT_VERSION = 1;
				DEVELOPMENT_ASSET_PATHS = "\"FlyingKxq/Support/Preview Content\"";
				DEVELOPMENT_TEAM = 95VT929YHJ;
				ENABLE_PREVIEWS = YES;
				ENABLE_USER_SCRIPT_SANDBOXING = NO;
				EXCLUDED_ARCHS = "";
				FRAMEWORK_SEARCH_PATHS = (
					"$(inherited)",
					"$(PROJECT_DIR)",
				);
				GENERATE_INFOPLIST_FILE = YES;
				INFOPLIST_FILE = FlyingKxq/Support/Info.plist;
				INFOPLIST_KEY_CFBundleDisplayName = "矿小圈";
				INFOPLIST_KEY_UIApplicationSceneManifest_Generation = YES;
				INFOPLIST_KEY_UIApplicationSupportsIndirectInputEvents = YES;
				INFOPLIST_KEY_UILaunchScreen_Generation = YES;
				INFOPLIST_KEY_UISupportedInterfaceOrientations_iPad = "UIInterfaceOrientationPortrait UIInterfaceOrientationPortraitUpsideDown UIInterfaceOrientationLandscapeLeft UIInterfaceOrientationLandscapeRight";
				INFOPLIST_KEY_UISupportedInterfaceOrientations_iPhone = "UIInterfaceOrientationPortrait UIInterfaceOrientationLandscapeLeft UIInterfaceOrientationLandscapeRight";
				IPHONEOS_DEPLOYMENT_TARGET = 15.6;
				LD_RUNPATH_SEARCH_PATHS = (
					"$(inherited)",
					"@executable_path/Frameworks",
				);
				MARKETING_VERSION = 1.0;
				PRODUCT_BUNDLE_IDENTIFIER = com.atcumt.kxq;
				PRODUCT_NAME = "$(TARGET_NAME)";
				SWIFT_EMIT_LOC_STRINGS = YES;
				SWIFT_INSTALL_OBJC_HEADER = NO;
				SWIFT_OBJC_BRIDGING_HEADER = "FlyingKxq/Support/FlyingKxq-Bridging-Header.h";
				SWIFT_OPTIMIZATION_LEVEL = "-Onone";
				SWIFT_VERSION = 5.0;
				TARGETED_DEVICE_FAMILY = "1,2";
			};
			name = Debug;
		};
		5C4D8C242D104EB100999028 /* Release */ = {
			isa = XCBuildConfiguration;
			baseConfigurationReference = 592F72A50F194A429586E79A /* Pods-FlyingKxq.release.xcconfig */;
			buildSettings = {
				ASSETCATALOG_COMPILER_APPICON_NAME = AppIcon;
				ASSETCATALOG_COMPILER_GLOBAL_ACCENT_COLOR_NAME = AccentColor;
				CLANG_ALLOW_NON_MODULAR_INCLUDES_IN_FRAMEWORK_MODULES = YES;
				CLANG_ENABLE_MODULES = YES;
				CODE_SIGN_ENTITLEMENTS = FlyingKxq/Support/FlyingKxq.entitlements;
				CODE_SIGN_STYLE = Automatic;
				CURRENT_PROJECT_VERSION = 1;
				DEVELOPMENT_ASSET_PATHS = "\"FlyingKxq/Support/Preview Content\"";
				DEVELOPMENT_TEAM = 95VT929YHJ;
				ENABLE_PREVIEWS = YES;
				ENABLE_USER_SCRIPT_SANDBOXING = NO;
				EXCLUDED_ARCHS = "";
				FRAMEWORK_SEARCH_PATHS = (
					"$(inherited)",
					"$(PROJECT_DIR)",
				);
				GENERATE_INFOPLIST_FILE = YES;
				INFOPLIST_FILE = FlyingKxq/Support/Info.plist;
				INFOPLIST_KEY_CFBundleDisplayName = "矿小圈";
				INFOPLIST_KEY_UIApplicationSceneManifest_Generation = YES;
				INFOPLIST_KEY_UIApplicationSupportsIndirectInputEvents = YES;
				INFOPLIST_KEY_UILaunchScreen_Generation = YES;
				INFOPLIST_KEY_UISupportedInterfaceOrientations_iPad = "UIInterfaceOrientationPortrait UIInterfaceOrientationPortraitUpsideDown UIInterfaceOrientationLandscapeLeft UIInterfaceOrientationLandscapeRight";
				INFOPLIST_KEY_UISupportedInterfaceOrientations_iPhone = "UIInterfaceOrientationPortrait UIInterfaceOrientationLandscapeLeft UIInterfaceOrientationLandscapeRight";
				IPHONEOS_DEPLOYMENT_TARGET = 15.6;
				LD_RUNPATH_SEARCH_PATHS = (
					"$(inherited)",
					"@executable_path/Frameworks",
				);
				MARKETING_VERSION = 1.0;
				PRODUCT_BUNDLE_IDENTIFIER = com.atcumt.kxq;
				PRODUCT_NAME = "$(TARGET_NAME)";
				SWIFT_EMIT_LOC_STRINGS = YES;
				SWIFT_INSTALL_OBJC_HEADER = NO;
				SWIFT_OBJC_BRIDGING_HEADER = "FlyingKxq/Support/FlyingKxq-Bridging-Header.h";
				SWIFT_VERSION = 5.0;
				TARGETED_DEVICE_FAMILY = "1,2";
			};
			name = Release;
		};
		5C4D8C262D104EB100999028 /* Debug */ = {
			isa = XCBuildConfiguration;
			baseConfigurationReference = B4314238CC509CA6A2B2800E /* Pods-FlyingKxqTests.debug.xcconfig */;
			buildSettings = {
				BUNDLE_LOADER = "$(TEST_HOST)";
				CODE_SIGN_STYLE = Automatic;
				CURRENT_PROJECT_VERSION = 1;
				DEVELOPMENT_TEAM = 95VT929YHJ;
				GENERATE_INFOPLIST_FILE = YES;
				IPHONEOS_DEPLOYMENT_TARGET = 18.0;
				MARKETING_VERSION = 1.0;
				PRODUCT_BUNDLE_IDENTIFIER = com.atcumt.FlyingKxqTests;
				PRODUCT_NAME = "$(TARGET_NAME)";
				SWIFT_EMIT_LOC_STRINGS = NO;
				SWIFT_VERSION = 5.0;
				TARGETED_DEVICE_FAMILY = "1,2";
				TEST_HOST = "$(BUILT_PRODUCTS_DIR)/FlyingKxq.app/$(BUNDLE_EXECUTABLE_FOLDER_PATH)/FlyingKxq";
			};
			name = Debug;
		};
		5C4D8C272D104EB100999028 /* Release */ = {
			isa = XCBuildConfiguration;
			baseConfigurationReference = 206E8910AA638E9494E65EE7 /* Pods-FlyingKxqTests.release.xcconfig */;
			buildSettings = {
				BUNDLE_LOADER = "$(TEST_HOST)";
				CODE_SIGN_STYLE = Automatic;
				CURRENT_PROJECT_VERSION = 1;
				DEVELOPMENT_TEAM = 95VT929YHJ;
				GENERATE_INFOPLIST_FILE = YES;
				IPHONEOS_DEPLOYMENT_TARGET = 18.0;
				MARKETING_VERSION = 1.0;
				PRODUCT_BUNDLE_IDENTIFIER = com.atcumt.FlyingKxqTests;
				PRODUCT_NAME = "$(TARGET_NAME)";
				SWIFT_EMIT_LOC_STRINGS = NO;
				SWIFT_VERSION = 5.0;
				TARGETED_DEVICE_FAMILY = "1,2";
				TEST_HOST = "$(BUILT_PRODUCTS_DIR)/FlyingKxq.app/$(BUNDLE_EXECUTABLE_FOLDER_PATH)/FlyingKxq";
			};
			name = Release;
		};
		5C4D8C292D104EB100999028 /* Debug */ = {
			isa = XCBuildConfiguration;
			baseConfigurationReference = 8C2AFD5D3E71A8D699E8A190 /* Pods-FlyingKxq-FlyingKxqUITests.debug.xcconfig */;
			buildSettings = {
				CODE_SIGN_STYLE = Automatic;
				CURRENT_PROJECT_VERSION = 1;
				DEVELOPMENT_TEAM = 95VT929YHJ;
				GENERATE_INFOPLIST_FILE = YES;
				MARKETING_VERSION = 1.0;
				PRODUCT_BUNDLE_IDENTIFIER = com.atcumt.FlyingKxqUITests;
				PRODUCT_NAME = "$(TARGET_NAME)";
				SWIFT_EMIT_LOC_STRINGS = NO;
				SWIFT_VERSION = 5.0;
				TARGETED_DEVICE_FAMILY = "1,2";
				TEST_TARGET_NAME = FlyingKxq;
			};
			name = Debug;
		};
		5C4D8C2A2D104EB100999028 /* Release */ = {
			isa = XCBuildConfiguration;
			baseConfigurationReference = 5C6142A3E803494ECACE70E3 /* Pods-FlyingKxq-FlyingKxqUITests.release.xcconfig */;
			buildSettings = {
				CODE_SIGN_STYLE = Automatic;
				CURRENT_PROJECT_VERSION = 1;
				DEVELOPMENT_TEAM = 95VT929YHJ;
				GENERATE_INFOPLIST_FILE = YES;
				MARKETING_VERSION = 1.0;
				PRODUCT_BUNDLE_IDENTIFIER = com.atcumt.FlyingKxqUITests;
				PRODUCT_NAME = "$(TARGET_NAME)";
				SWIFT_EMIT_LOC_STRINGS = NO;
				SWIFT_VERSION = 5.0;
				TARGETED_DEVICE_FAMILY = "1,2";
				TEST_TARGET_NAME = FlyingKxq;
			};
			name = Release;
		};
/* End XCBuildConfiguration section */

/* Begin XCConfigurationList section */
		5C4D8BF92D104EB000999028 /* Build configuration list for PBXProject "FlyingKxq" */ = {
			isa = XCConfigurationList;
			buildConfigurations = (
				5C4D8C202D104EB100999028 /* Debug */,
				5C4D8C212D104EB100999028 /* Release */,
			);
			defaultConfigurationIsVisible = 0;
			defaultConfigurationName = Release;
		};
		5C4D8C222D104EB100999028 /* Build configuration list for PBXNativeTarget "FlyingKxq" */ = {
			isa = XCConfigurationList;
			buildConfigurations = (
				5C4D8C232D104EB100999028 /* Debug */,
				5C4D8C242D104EB100999028 /* Release */,
			);
			defaultConfigurationIsVisible = 0;
			defaultConfigurationName = Release;
		};
		5C4D8C252D104EB100999028 /* Build configuration list for PBXNativeTarget "FlyingKxqTests" */ = {
			isa = XCConfigurationList;
			buildConfigurations = (
				5C4D8C262D104EB100999028 /* Debug */,
				5C4D8C272D104EB100999028 /* Release */,
			);
			defaultConfigurationIsVisible = 0;
			defaultConfigurationName = Release;
		};
		5C4D8C282D104EB100999028 /* Build configuration list for PBXNativeTarget "FlyingKxqUITests" */ = {
			isa = XCConfigurationList;
			buildConfigurations = (
				5C4D8C292D104EB100999028 /* Debug */,
				5C4D8C2A2D104EB100999028 /* Release */,
			);
			defaultConfigurationIsVisible = 0;
			defaultConfigurationName = Release;
		};
/* End XCConfigurationList section */
	};
	rootObject = 5C4D8BF62D104EB000999028 /* Project object */;
}
