// !$*UTF8*$!
{
	archiveVersion = 1;
	classes = {
	};
	objectVersion = 77;
	objects = {

/* Begin PBXContainerItemProxy section */
		5C4D8C0F2D104EB100999028 /* PBXContainerItemProxy */ = {
			isa = PBXContainerItemProxy;
			containerPortal = 5C4D8BF62D104EB000999028 /* Project object */;
			proxyType = 1;
			remoteGlobalIDString = 5C4D8BFD2D104EB000999028;
			remoteInfo = FlyingKxq;
		};
		5C4D8C192D104EB100999028 /* PBXContainerItemProxy */ = {
			isa = PBXContainerItemProxy;
			containerPortal = 5C4D8BF62D104EB000999028 /* Project object */;
			proxyType = 1;
			remoteGlobalIDString = 5C4D8BFD2D104EB000999028;
			remoteInfo = FlyingKxq;
		};
/* End PBXContainerItemProxy section */

/* Begin PBXFileReference section */
		5C4D8BFE2D104EB000999028 /* FlyingKxq.app */ = {isa = PBXFileReference; explicitFileType = wrapper.application; includeInIndex = 0; path = FlyingKxq.app; sourceTree = BUILT_PRODUCTS_DIR; };
		5C4D8C0E2D104EB100999028 /* FlyingKxqTests.xctest */ = {isa = PBXFileReference; explicitFileType = wrapper.cfbundle; includeInIndex = 0; path = FlyingKxqTests.xctest; sourceTree = BUILT_PRODUCTS_DIR; };
		5C4D8C182D104EB100999028 /* FlyingKxqUITests.xctest */ = {isa = PBXFileReference; explicitFileType = wrapper.cfbundle; includeInIndex = 0; path = FlyingKxqUITests.xctest; sourceTree = BUILT_PRODUCTS_DIR; };
/* End PBXFileReference section */

/* Begin PBXFileSystemSynchronizedRootGroup section */
		5C4D8C002D104EB000999028 /* FlyingKxq */ = {
			isa = PBXFileSystemSynchronizedRootGroup;
			path = FlyingKxq;
			sourceTree = "<group>";
		};
		5C4D8C112D104EB100999028 /* FlyingKxqTests */ = {
			isa = PBXFileSystemSynchronizedRootGroup;
			path = FlyingKxqTests;
			sourceTree = "<group>";
		};
		5C4D8C1B2D104EB100999028 /* FlyingKxqUITests */ = {
			isa = PBXFileSystemSynchronizedRootGroup;
			path = FlyingKxqUITests;
			sourceTree = "<group>";
		};
/* End PBXFileSystemSynchronizedRootGroup section */

/* Begin PBXFrameworksBuildPhase section */
		5C4D8BFB2D104EB000999028 /* Frameworks */ = {
			isa = PBXFrameworksBuildPhase;
			buildActionMask = 2147483647;
			files = (
			);
			runOnlyForDeploymentPostprocessing = 0;
		};
		5C4D8C0B2D104EB100999028 /* Frameworks */ = {
			isa = PBXFrameworksBuildPhase;
			buildActionMask = 2147483647;
			files = (
			);
			runOnlyForDeploymentPostprocessing = 0;
		};
		5C4D8C152D104EB100999028 /* Frameworks */ = {
			isa = PBXFrameworksBuildPhase;
			buildActionMask = 2147483647;
			files = (
			);
			runOnlyForDeploymentPostprocessing = 0;
		};
/* End PBXFrameworksBuildPhase section */

/* Begin PBXGroup section */
		5C4D8BF52D104EB000999028 = {
			isa = PBXGroup;
			children = (
				5C4D8C002D104EB000999028 /* FlyingKxq */,
				5C4D8C112D104EB100999028 /* FlyingKxqTests */,
				5C4D8C1B2D104EB100999028 /* FlyingKxqUITests */,
				5C4D8BFF2D104EB000999028 /* Products */,
			);
			sourceTree = "<group>";
		};
		5C4D8BFF2D104EB000999028 /* Products */ = {
			isa = PBXGroup;
			children = (
				5C4D8BFE2D104EB000999028 /* FlyingKxq.app */,
				5C4D8C0E2D104EB100999028 /* FlyingKxqTests.xctest */,
				5C4D8C182D104EB100999028 /* FlyingKxqUITests.xctest */,
			);
			name = Products;
			sourceTree = "<group>";
		};
/* End PBXGroup section */

/* Begin PBXNativeTarget section */
		5C4D8BFD2D104EB000999028 /* FlyingKxq */ = {
			isa = PBXNativeTarget;
			buildConfigurationList = 5C4D8C222D104EB100999028 /* Build configuration list for PBXNativeTarget "FlyingKxq" */;
			buildPhases = (
				5C4D8BFA2D104EB000999028 /* Sources */,
				5C4D8BFB2D104EB000999028 /* Frameworks */,
				5C4D8BFC2D104EB000999028 /* Resources */,
			);
			buildRules = (
			);
			dependencies = (
			);
			fileSystemSynchronizedGroups = (
				5C4D8C002D104EB000999028 /* FlyingKxq */,
			);
			name = FlyingKxq;
			packageProductDependencies = (
			);
			productName = FlyingKxq;
			productReference = 5C4D8BFE2D104EB000999028 /* FlyingKxq.app */;
			productType = "com.apple.product-type.application";
		};
		5C4D8C0D2D104EB100999028 /* FlyingKxqTests */ = {
			isa = PBXNativeTarget;
			buildConfigurationList = 5C4D8C252D104EB100999028 /* Build configuration list for PBXNativeTarget "FlyingKxqTests" */;
			buildPhases = (
				5C4D8C0A2D104EB100999028 /* Sources */,
				5C4D8C0B2D104EB100999028 /* Frameworks */,
				5C4D8C0C2D104EB100999028 /* Resources */,
			);
			buildRules = (
			);
			dependencies = (
				5C4D8C102D104EB100999028 /* PBXTargetDependency */,
			);
			fileSystemSynchronizedGroups = (
				5C4D8C112D104EB100999028 /* FlyingKxqTests */,
			);
			name = FlyingKxqTests;
			packageProductDependencies = (
			);
			productName = FlyingKxqTests;
			productReference = 5C4D8C0E2D104EB100999028 /* FlyingKxqTests.xctest */;
			productType = "com.apple.product-type.bundle.unit-test";
		};
		5C4D8C172D104EB100999028 /* FlyingKxqUITests */ = {
			isa = PBXNativeTarget;
			buildConfigurationList = 5C4D8C282D104EB100999028 /* Build configuration list for PBXNativeTarget "FlyingKxqUITests" */;
			buildPhases = (
				5C4D8C142D104EB100999028 /* Sources */,
				5C4D8C152D104EB100999028 /* Frameworks */,
				5C4D8C162D104EB100999028 /* Resources */,
			);
			buildRules = (
			);
			dependencies = (
				5C4D8C1A2D104EB100999028 /* PBXTargetDependency */,
			);
			fileSystemSynchronizedGroups = (
				5C4D8C1B2D104EB100999028 /* FlyingKxqUITests */,
			);
			name = FlyingKxqUITests;
			packageProductDependencies = (
			);
			productName = FlyingKxqUITests;
			productReference = 5C4D8C182D104EB100999028 /* FlyingKxqUITests.xctest */;
			productType = "com.apple.product-type.bundle.ui-testing";
		};
/* End PBXNativeTarget section */

/* Begin PBXProject section */
		5C4D8BF62D104EB000999028 /* Project object */ = {
			isa = PBXProject;
			attributes = {
				BuildIndependentTargetsInParallel = 1;
				LastSwiftUpdateCheck = 1600;
				LastUpgradeCheck = 1600;
				TargetAttributes = {
					5C4D8BFD2D104EB000999028 = {
						CreatedOnToolsVersion = 16.0;
					};
					5C4D8C0D2D104EB100999028 = {
						CreatedOnToolsVersion = 16.0;
						TestTargetID = 5C4D8BFD2D104EB000999028;
					};
					5C4D8C172D104EB100999028 = {
						CreatedOnToolsVersion = 16.0;
						TestTargetID = 5C4D8BFD2D104EB000999028;
					};
				};
			};
			buildConfigurationList = 5C4D8BF92D104EB000999028 /* Build configuration list for PBXProject "FlyingKxq" */;
			developmentRegion = en;
			hasScannedForEncodings = 0;
			knownRegions = (
				en,
				Base,
			);
			mainGroup = 5C4D8BF52D104EB000999028;
			minimizedProjectReferenceProxies = 1;
			preferredProjectObjectVersion = 77;
			productRefGroup = 5C4D8BFF2D104EB000999028 /* Products */;
			projectDirPath = "";
			projectRoot = "";
			targets = (
				5C4D8BFD2D104EB000999028 /* FlyingKxq */,
				5C4D8C0D2D104EB100999028 /* FlyingKxqTests */,
				5C4D8C172D104EB100999028 /* FlyingKxqUITests */,
			);
		};
/* End PBXProject section */

/* Begin PBXResourcesBuildPhase section */
		5C4D8BFC2D104EB000999028 /* Resources */ = {
			isa = PBXResourcesBuildPhase;
			buildActionMask = 2147483647;
			files = (
			);
			runOnlyForDeploymentPostprocessing = 0;
		};
		5C4D8C0C2D104EB100999028 /* Resources */ = {
			isa = PBXResourcesBuildPhase;
			buildActionMask = 2147483647;
			files = (
			);
			runOnlyForDeploymentPostprocessing = 0;
		};
		5C4D8C162D104EB100999028 /* Resources */ = {
			isa = PBXResourcesBuildPhase;
			buildActionMask = 2147483647;
			files = (
			);
			runOnlyForDeploymentPostprocessing = 0;
		};
/* End PBXResourcesBuildPhase section */

/* Begin PBXSourcesBuildPhase section */
		5C4D8BFA2D104EB000999028 /* Sources */ = {
			isa = PBXSourcesBuildPhase;
			buildActionMask = 2147483647;
			files = (
			);
			runOnlyForDeploymentPostprocessing = 0;
		};
		5C4D8C0A2D104EB100999028 /* Sources */ = {
			isa = PBXSourcesBuildPhase;
			buildActionMask = 2147483647;
			files = (
			);
			runOnlyForDeploymentPostprocessing = 0;
		};
		5C4D8C142D104EB100999028 /* Sources */ = {
			isa = PBXSourcesBuildPhase;
			buildActionMask = 2147483647;
			files = (
			);
			runOnlyForDeploymentPostprocessing = 0;
		};
/* End PBXSourcesBuildPhase section */

/* Begin PBXTargetDependency section */
		5C4D8C102D104EB100999028 /* PBXTargetDependency */ = {
			isa = PBXTargetDependency;
			target = 5C4D8BFD2D104EB000999028 /* FlyingKxq */;
			targetProxy = 5C4D8C0F2D104EB100999028 /* PBXContainerItemProxy */;
		};
		5C4D8C1A2D104EB100999028 /* PBXTargetDependency */ = {
			isa = PBXTargetDependency;
			target = 5C4D8BFD2D104EB000999028 /* FlyingKxq */;
			targetProxy = 5C4D8C192D104EB100999028 /* PBXContainerItemProxy */;
		};
/* End PBXTargetDependency section */

/* Begin XCBuildConfiguration section */
		5C4D8C202D104EB100999028 /* Debug */ = {
			isa = XCBuildConfiguration;
			buildSettings = {
				ALWAYS_SEARCH_USER_PATHS = NO;
				ASSETCATALOG_COMPILER_GENERATE_SWIFT_ASSET_SYMBOL_EXTENSIONS = YES;
				CLANG_ANALYZER_NONNULL = YES;
				CLANG_ANALYZER_NUMBER_OBJECT_CONVERSION = YES_AGGRESSIVE;
				CLANG_CXX_LANGUAGE_STANDARD = "gnu++20";
				CLANG_ENABLE_MODULES = YES;
				CLANG_ENABLE_OBJC_ARC = YES;
				CLANG_ENABLE_OBJC_WEAK = YES;
				CLANG_WARN_BLOCK_CAPTURE_AUTORELEASING = YES;
				CLANG_WARN_BOOL_CONVERSION = YES;
				CLANG_WARN_COMMA = YES;
				CLANG_WARN_CONSTANT_CONVERSION = YES;
				CLANG_WARN_DEPRECATED_OBJC_IMPLEMENTATIONS = YES;
				CLANG_WARN_DIRECT_OBJC_ISA_USAGE = YES_ERROR;
				CLANG_WARN_DOCUMENTATION_COMMENTS = YES;
				CLANG_WARN_EMPTY_BODY = YES;
				CLANG_WARN_ENUM_CONVERSION = YES;
				CLANG_WARN_INFINITE_RECURSION = YES;
				CLANG_WARN_INT_CONVERSION = YES;
				CLANG_WARN_NON_LITERAL_NULL_CONVERSION = YES;
				CLANG_WARN_OBJC_IMPLICIT_RETAIN_SELF = YES;
				CLANG_WARN_OBJC_LITERAL_CONVERSION = YES;
				CLANG_WARN_OBJC_ROOT_CLASS = YES_ERROR;
				CLANG_WARN_QUOTED_INCLUDE_IN_FRAMEWORK_HEADER = YES;
				CLANG_WARN_RANGE_LOOP_ANALYSIS = YES;
				CLANG_WARN_STRICT_PROTOTYPES = YES;
				CLANG_WARN_SUSPICIOUS_MOVE = YES;
				CLANG_WARN_UNGUARDED_AVAILABILITY = YES_AGGRESSIVE;
				CLANG_WARN_UNREACHABLE_CODE = YES;
				CLANG_WARN__DUPLICATE_METHOD_MATCH = YES;
				COPY_PHASE_STRIP = NO;
				DEBUG_INFORMATION_FORMAT = dwarf;
				ENABLE_STRICT_OBJC_MSGSEND = YES;
				ENABLE_TESTABILITY = YES;
				ENABLE_USER_SCRIPT_SANDBOXING = YES;
				GCC_C_LANGUAGE_STANDARD = gnu17;
				GCC_DYNAMIC_NO_PIC = NO;
				GCC_NO_COMMON_BLOCKS = YES;
				GCC_OPTIMIZATION_LEVEL = 0;
				GCC_PREPROCESSOR_DEFINITIONS = (
					"DEBUG=1",
					"$(inherited)",
				);
				GCC_WARN_64_TO_32_BIT_CONVERSION = YES;
				GCC_WARN_ABOUT_RETURN_TYPE = YES_ERROR;
				GCC_WARN_UNDECLARED_SELECTOR = YES;
				GCC_WARN_UNINITIALIZED_AUTOS = YES_AGGRESSIVE;
				GCC_WARN_UNUSED_FUNCTION = YES;
				GCC_WARN_UNUSED_VARIABLE = YES;
				IPHONEOS_DEPLOYMENT_TARGET = 18.0;
				LOCALIZATION_PREFERS_STRING_CATALOGS = YES;
				MTL_ENABLE_DEBUG_INFO = INCLUDE_SOURCE;
				MTL_FAST_MATH = YES;
				ONLY_ACTIVE_ARCH = YES;
				SDKROOT = iphoneos;
				SWIFT_ACTIVE_COMPILATION_CONDITIONS = "DEBUG $(inherited)";
				SWIFT_OPTIMIZATION_LEVEL = "-Onone";
			};
			name = Debug;
		};
		5C4D8C212D104EB100999028 /* Release */ = {
			isa = XCBuildConfiguration;
			buildSettings = {
				ALWAYS_SEARCH_USER_PATHS = NO;
				ASSETCATALOG_COMPILER_GENERATE_SWIFT_ASSET_SYMBOL_EXTENSIONS = YES;
				CLANG_ANALYZER_NONNULL = YES;
				CLANG_ANALYZER_NUMBER_OBJECT_CONVERSION = YES_AGGRESSIVE;
				CLANG_CXX_LANGUAGE_STANDARD = "gnu++20";
				CLANG_ENABLE_MODULES = YES;
				CLANG_ENABLE_OBJC_ARC = YES;
				CLANG_ENABLE_OBJC_WEAK = YES;
				CLANG_WARN_BLOCK_CAPTURE_AUTORELEASING = YES;
				CLANG_WARN_BOOL_CONVERSION = YES;
				CLANG_WARN_COMMA = YES;
				CLANG_WARN_CONSTANT_CONVERSION = YES;
				CLANG_WARN_DEPRECATED_OBJC_IMPLEMENTATIONS = YES;
				CLANG_WARN_DIRECT_OBJC_ISA_USAGE = YES_ERROR;
				CLANG_WARN_DOCUMENTATION_COMMENTS = YES;
				CLANG_WARN_EMPTY_BODY = YES;
				CLANG_WARN_ENUM_CONVERSION = YES;
				CLANG_WARN_INFINITE_RECURSION = YES;
				CLANG_WARN_INT_CONVERSION = YES;
				CLANG_WARN_NON_LITERAL_NULL_CONVERSION = YES;
				CLANG_WARN_OBJC_IMPLICIT_RETAIN_SELF = YES;
				CLANG_WARN_OBJC_LITERAL_CONVERSION = YES;
				CLANG_WARN_OBJC_ROOT_CLASS = YES_ERROR;
				CLANG_WARN_QUOTED_INCLUDE_IN_FRAMEWORK_HEADER = YES;
				CLANG_WARN_RANGE_LOOP_ANALYSIS = YES;
				CLANG_WARN_STRICT_PROTOTYPES = YES;
				CLANG_WARN_SUSPICIOUS_MOVE = YES;
				CLANG_WARN_UNGUARDED_AVAILABILITY = YES_AGGRESSIVE;
				CLANG_WARN_UNREACHABLE_CODE = YES;
				CLANG_WARN__DUPLICATE_METHOD_MATCH = YES;
				COPY_PHASE_STRIP = NO;
				DEBUG_INFORMATION_FORMAT = "dwarf-with-dsym";
				ENABLE_NS_ASSERTIONS = NO;
				ENABLE_STRICT_OBJC_MSGSEND = YES;
				ENABLE_USER_SCRIPT_SANDBOXING = YES;
				GCC_C_LANGUAGE_STANDARD = gnu17;
				GCC_NO_COMMON_BLOCKS = YES;
				GCC_WARN_64_TO_32_BIT_CONVERSION = YES;
				GCC_WARN_ABOUT_RETURN_TYPE = YES_ERROR;
				GCC_WARN_UNDECLARED_SELECTOR = YES;
				GCC_WARN_UNINITIALIZED_AUTOS = YES_AGGRESSIVE;
				GCC_WARN_UNUSED_FUNCTION = YES;
				GCC_WARN_UNUSED_VARIABLE = YES;
				IPHONEOS_DEPLOYMENT_TARGET = 18.0;
				LOCALIZATION_PREFERS_STRING_CATALOGS = YES;
				MTL_ENABLE_DEBUG_INFO = NO;
				MTL_FAST_MATH = YES;
				SDKROOT = iphoneos;
				SWIFT_COMPILATION_MODE = wholemodule;
				VALIDATE_PRODUCT = YES;
			};
			name = Release;
		};
		5C4D8C232D104EB100999028 /* Debug */ = {
			isa = XCBuildConfiguration;
			buildSettings = {
				ASSETCATALOG_COMPILER_APPICON_NAME = AppIcon;
				ASSETCATALOG_COMPILER_GLOBAL_ACCENT_COLOR_NAME = AccentColor;
				CODE_SIGN_STYLE = Automatic;
				CURRENT_PROJECT_VERSION = 1;
				DEVELOPMENT_ASSET_PATHS = "\"FlyingKxq/Preview Content\"";
				DEVELOPMENT_TEAM = 95VT929YHJ;
				ENABLE_PREVIEWS = YES;
				GENERATE_INFOPLIST_FILE = YES;
				INFOPLIST_KEY_UIApplicationSceneManifest_Generation = YES;
				INFOPLIST_KEY_UIApplicationSupportsIndirectInputEvents = YES;
				INFOPLIST_KEY_UILaunchScreen_Generation = YES;
				INFOPLIST_KEY_UISupportedInterfaceOrientations_iPad = "UIInterfaceOrientationPortrait UIInterfaceOrientationPortraitUpsideDown UIInterfaceOrientationLandscapeLeft UIInterfaceOrientationLandscapeRight";
				INFOPLIST_KEY_UISupportedInterfaceOrientations_iPhone = "UIInterfaceOrientationPortrait UIInterfaceOrientationLandscapeLeft UIInterfaceOrientationLandscapeRight";
				LD_RUNPATH_SEARCH_PATHS = (
					"$(inherited)",
					"@executable_path/Frameworks",
				);
				MARKETING_VERSION = 1.0;
				PRODUCT_BUNDLE_IDENTIFIER = com.atcumt.FlyingKxq;
				PRODUCT_NAME = "$(TARGET_NAME)";
				SWIFT_EMIT_LOC_STRINGS = YES;
				SWIFT_VERSION = 5.0;
				TARGETED_DEVICE_FAMILY = "1,2";
			};
			name = Debug;
		};
		5C4D8C242D104EB100999028 /* Release */ = {
			isa = XCBuildConfiguration;
			buildSettings = {
				ASSETCATALOG_COMPILER_APPICON_NAME = AppIcon;
				ASSETCATALOG_COMPILER_GLOBAL_ACCENT_COLOR_NAME = AccentColor;
				CODE_SIGN_STYLE = Automatic;
				CURRENT_PROJECT_VERSION = 1;
				DEVELOPMENT_ASSET_PATHS = "\"FlyingKxq/Preview Content\"";
				DEVELOPMENT_TEAM = 95VT929YHJ;
				ENABLE_PREVIEWS = YES;
				GENERATE_INFOPLIST_FILE = YES;
				INFOPLIST_KEY_UIApplicationSceneManifest_Generation = YES;
				INFOPLIST_KEY_UIApplicationSupportsIndirectInputEvents = YES;
				INFOPLIST_KEY_UILaunchScreen_Generation = YES;
				INFOPLIST_KEY_UISupportedInterfaceOrientations_iPad = "UIInterfaceOrientationPortrait UIInterfaceOrientationPortraitUpsideDown UIInterfaceOrientationLandscapeLeft UIInterfaceOrientationLandscapeRight";
				INFOPLIST_KEY_UISupportedInterfaceOrientations_iPhone = "UIInterfaceOrientationPortrait UIInterfaceOrientationLandscapeLeft UIInterfaceOrientationLandscapeRight";
				LD_RUNPATH_SEARCH_PATHS = (
					"$(inherited)",
					"@executable_path/Frameworks",
				);
				MARKETING_VERSION = 1.0;
				PRODUCT_BUNDLE_IDENTIFIER = com.atcumt.FlyingKxq;
				PRODUCT_NAME = "$(TARGET_NAME)";
				SWIFT_EMIT_LOC_STRINGS = YES;
				SWIFT_VERSION = 5.0;
				TARGETED_DEVICE_FAMILY = "1,2";
			};
			name = Release;
		};
		5C4D8C262D104EB100999028 /* Debug */ = {
			isa = XCBuildConfiguration;
			buildSettings = {
				BUNDLE_LOADER = "$(TEST_HOST)";
				CODE_SIGN_STYLE = Automatic;
				CURRENT_PROJECT_VERSION = 1;
				DEVELOPMENT_TEAM = 95VT929YHJ;
				GENERATE_INFOPLIST_FILE = YES;
				IPHONEOS_DEPLOYMENT_TARGET = 18.0;
				MARKETING_VERSION = 1.0;
				PRODUCT_BUNDLE_IDENTIFIER = com.atcumt.FlyingKxqTests;
				PRODUCT_NAME = "$(TARGET_NAME)";
				SWIFT_EMIT_LOC_STRINGS = NO;
				SWIFT_VERSION = 5.0;
				TARGETED_DEVICE_FAMILY = "1,2";
				TEST_HOST = "$(BUILT_PRODUCTS_DIR)/FlyingKxq.app/$(BUNDLE_EXECUTABLE_FOLDER_PATH)/FlyingKxq";
			};
			name = Debug;
		};
		5C4D8C272D104EB100999028 /* Release */ = {
			isa = XCBuildConfiguration;
			buildSettings = {
				BUNDLE_LOADER = "$(TEST_HOST)";
				CODE_SIGN_STYLE = Automatic;
				CURRENT_PROJECT_VERSION = 1;
				DEVELOPMENT_TEAM = 95VT929YHJ;
				GENERATE_INFOPLIST_FILE = YES;
				IPHONEOS_DEPLOYMENT_TARGET = 18.0;
				MARKETING_VERSION = 1.0;
				PRODUCT_BUNDLE_IDENTIFIER = com.atcumt.FlyingKxqTests;
				PRODUCT_NAME = "$(TARGET_NAME)";
				SWIFT_EMIT_LOC_STRINGS = NO;
				SWIFT_VERSION = 5.0;
				TARGETED_DEVICE_FAMILY = "1,2";
				TEST_HOST = "$(BUILT_PRODUCTS_DIR)/FlyingKxq.app/$(BUNDLE_EXECUTABLE_FOLDER_PATH)/FlyingKxq";
			};
			name = Release;
		};
		5C4D8C292D104EB100999028 /* Debug */ = {
			isa = XCBuildConfiguration;
			buildSettings = {
				CODE_SIGN_STYLE = Automatic;
				CURRENT_PROJECT_VERSION = 1;
				DEVELOPMENT_TEAM = 95VT929YHJ;
				GENERATE_INFOPLIST_FILE = YES;
				MARKETING_VERSION = 1.0;
				PRODUCT_BUNDLE_IDENTIFIER = com.atcumt.FlyingKxqUITests;
				PRODUCT_NAME = "$(TARGET_NAME)";
				SWIFT_EMIT_LOC_STRINGS = NO;
				SWIFT_VERSION = 5.0;
				TARGETED_DEVICE_FAMILY = "1,2";
				TEST_TARGET_NAME = FlyingKxq;
			};
			name = Debug;
		};
		5C4D8C2A2D104EB100999028 /* Release */ = {
			isa = XCBuildConfiguration;
			buildSettings = {
				CODE_SIGN_STYLE = Automatic;
				CURRENT_PROJECT_VERSION = 1;
				DEVELOPMENT_TEAM = 95VT929YHJ;
				GENERATE_INFOPLIST_FILE = YES;
				MARKETING_VERSION = 1.0;
				PRODUCT_BUNDLE_IDENTIFIER = com.atcumt.FlyingKxqUITests;
				PRODUCT_NAME = "$(TARGET_NAME)";
				SWIFT_EMIT_LOC_STRINGS = NO;
				SWIFT_VERSION = 5.0;
				TARGETED_DEVICE_FAMILY = "1,2";
				TEST_TARGET_NAME = FlyingKxq;
			};
			name = Release;
		};
/* End XCBuildConfiguration section */

/* Begin XCConfigurationList section */
		5C4D8BF92D104EB000999028 /* Build configuration list for PBXProject "FlyingKxq" */ = {
			isa = XCConfigurationList;
			buildConfigurations = (
				5C4D8C202D104EB100999028 /* Debug */,
				5C4D8C212D104EB100999028 /* Release */,
			);
			defaultConfigurationIsVisible = 0;
			defaultConfigurationName = Release;
		};
		5C4D8C222D104EB100999028 /* Build configuration list for PBXNativeTarget "FlyingKxq" */ = {
			isa = XCConfigurationList;
			buildConfigurations = (
				5C4D8C232D104EB100999028 /* Debug */,
				5C4D8C242D104EB100999028 /* Release */,
			);
			defaultConfigurationIsVisible = 0;
			defaultConfigurationName = Release;
		};
		5C4D8C252D104EB100999028 /* Build configuration list for PBXNativeTarget "FlyingKxqTests" */ = {
			isa = XCConfigurationList;
			buildConfigurations = (
				5C4D8C262D104EB100999028 /* Debug */,
				5C4D8C272D104EB100999028 /* Release */,
			);
			defaultConfigurationIsVisible = 0;
			defaultConfigurationName = Release;
		};
		5C4D8C282D104EB100999028 /* Build configuration list for PBXNativeTarget "FlyingKxqUITests" */ = {
			isa = XCConfigurationList;
			buildConfigurations = (
				5C4D8C292D104EB100999028 /* Debug */,
				5C4D8C2A2D104EB100999028 /* Release */,
			);
			defaultConfigurationIsVisible = 0;
			defaultConfigurationName = Release;
		};
/* End XCConfigurationList section */
	};
	rootObject = 5C4D8BF62D104EB000999028 /* Project object */;
}
